<Solution>
  <Folder Name="/showcase/">
    <Project Path="showcase/AvaloniaVignettes.Showcase/AvaloniaVignettes.Showcase.csproj" />
    <Project Path="showcase/AvaloniaVignettes.Showcase.Desktop/AvaloniaVignettes.Showcase.Desktop.csproj" />
    <Project Path="showcase/AvaloniaVignettes.Showcase.Browser/AvaloniaVignettes.Showcase.Browser.csproj" />
  </Folder>
  <Project Path="vignettes/_shared/AvaloniaVignettes.Shared.csproj" />
  <Project Path="vignettes/basketball_ptr/BasketballPullToRefresh/BasketballPullToRefresh.csproj" />
  <Project Path="vignettes/basketball_ptr/BasketballPullToRefresh.Desktop/BasketballPullToRefresh.Desktop.csproj" />
  <Project Path="vignettes/basketball_ptr/BasketballPullToRefresh.Android/BasketballPullToRefresh.Android.csproj">
    <Deploy />
  </Project>
  <Project Path="vignettes/basketball_ptr/BasketballPullToRefresh.iOS/BasketballPullToRefresh.iOS.csproj">
    <Deploy />
  </Project>
  <Project Path="vignettes/bubble_tab_bar/BubbleTabBar/BubbleTabBar.csproj" />
  <Project Path="vignettes/bubble_tab_bar/BubbleTabBar.Desktop/BubbleTabBar.Desktop.csproj" />
  <Project Path="vignettes/bubble_tab_bar/BubbleTabBar.Android/BubbleTabBar.Android.csproj">
    <Deploy />
  </Project>
  <Project Path="vignettes/bubble_tab_bar/BubbleTabBar.iOS/BubbleTabBar.iOS.csproj">
    <Deploy />
  </Project>
  <Project Path="vignettes/constellations_list/ConstellationsList/ConstellationsList.csproj" />
  <Project Path="vignettes/constellations_list/ConstellationsList.Desktop/ConstellationsList.Desktop.csproj" />
  <Project Path="vignettes/constellations_list/ConstellationsList.Android/ConstellationsList.Android.csproj">
    <Deploy />
  </Project>
  <Project Path="vignettes/constellations_list/ConstellationsList.iOS/ConstellationsList.iOS.csproj">
    <Deploy />
  </Project>
  <Project Path="vignettes/dark_ink_transition/DarkInkTransition/DarkInkTransition.csproj" />
  <Project Path="vignettes/dark_ink_transition/DarkInkTransition.Desktop/DarkInkTransition.Desktop.csproj" />
  <Project Path="vignettes/dark_ink_transition/DarkInkTransition.Android/DarkInkTransition.Android.csproj">
    <Deploy />
  </Project>
  <Project Path="vignettes/dark_ink_transition/DarkInkTransition.iOS/DarkInkTransition.iOS.csproj">
    <Deploy />
  </Project>
  <Project Path="vignettes/dog_slider/DogSlider/DogSlider.csproj" />
  <Project Path="vignettes/dog_slider/DogSlider.Desktop/DogSlider.Desktop.csproj" />
  <Project Path="vignettes/dog_slider/DogSlider.Android/DogSlider.Android.csproj">
    <Deploy />
  </Project>
  <Project Path="vignettes/dog_slider/DogSlider.iOS/DogSlider.iOS.csproj">
    <Deploy />
  </Project>
  <Project Path="vignettes/drink_rewards_list/DrinkRewardsList/DrinkRewardsList.csproj" />
  <Project Path="vignettes/drink_rewards_list/DrinkRewardsList.Desktop/DrinkRewardsList.Desktop.csproj" />
  <Project Path="vignettes/drink_rewards_list/DrinkRewardsList.Android/DrinkRewardsList.Android.csproj">
    <Deploy />
  </Project>
  <Project Path="vignettes/drink_rewards_list/DrinkRewardsList.iOS/DrinkRewardsList.iOS.csproj">
    <Deploy />
  </Project>
  <Project Path="vignettes/fluid_nav_bar/FluidNavBar/FluidNavBar.csproj" />
  <Project Path="vignettes/fluid_nav_bar/FluidNavBar.Desktop/FluidNavBar.Desktop.csproj" />
  <Project Path="vignettes/fluid_nav_bar/FluidNavBar.Android/FluidNavBar.Android.csproj">
    <Deploy />
  </Project>
  <Project Path="vignettes/fluid_nav_bar/FluidNavBar.iOS/FluidNavBar.iOS.csproj">
    <Deploy />
  </Project>
  <Project Path="vignettes/gooey_edge/GooeyEdge/GooeyEdge.csproj" />
  <Project Path="vignettes/gooey_edge/GooeyEdge.Desktop/GooeyEdge.Desktop.csproj" />
  <Project Path="vignettes/gooey_edge/GooeyEdge.Android/GooeyEdge.Android.csproj">
    <Deploy />
  </Project>
  <Project Path="vignettes/gooey_edge/GooeyEdge.iOS/GooeyEdge.iOS.csproj">
    <Deploy />
  </Project>
  <Project Path="vignettes/indie_3d/Indie3D/Indie3D.csproj" />
  <Project Path="vignettes/indie_3d/Indie3D.Desktop/Indie3D.Desktop.csproj" />
  <Project Path="vignettes/indie_3d/Indie3D.Android/Indie3D.Android.csproj">
    <Deploy />
  </Project>
  <Project Path="vignettes/indie_3d/Indie3D.iOS/Indie3D.iOS.csproj">
    <Deploy />
  </Project>
  <Project Path="vignettes/parallax_travel_cards_hero/ParallaxTravelCardsHero/ParallaxTravelCardsHero.csproj" />
  <Project Path="vignettes/parallax_travel_cards_hero/ParallaxTravelCardsHero.Desktop/ParallaxTravelCardsHero.Desktop.csproj" />
  <Project Path="vignettes/parallax_travel_cards_hero/ParallaxTravelCardsHero.Android/ParallaxTravelCardsHero.Android.csproj">
    <Deploy />
  </Project>
  <Project Path="vignettes/parallax_travel_cards_hero/ParallaxTravelCardsHero.iOS/ParallaxTravelCardsHero.iOS.csproj">
    <Deploy />
  </Project>
  <Project Path="vignettes/parallax_travel_cards_list/ParallaxTravelCardsList/ParallaxTravelCardsList.csproj" />
  <Project Path="vignettes/parallax_travel_cards_list/ParallaxTravelCardsList.Desktop/ParallaxTravelCardsList.Desktop.csproj" />
  <Project Path="vignettes/parallax_travel_cards_list/ParallaxTravelCardsList.Android/ParallaxTravelCardsList.Android.csproj">
    <Deploy />
  </Project>
  <Project Path="vignettes/parallax_travel_cards_list/ParallaxTravelCardsList.iOS/ParallaxTravelCardsList.iOS.csproj">
    <Deploy />
  </Project>
  <Project Path="vignettes/particle_swipe/ParticleSwipe/ParticleSwipe.csproj" />
  <Project Path="vignettes/particle_swipe/ParticleSwipe.Desktop/ParticleSwipe.Desktop.csproj" />
  <Project Path="vignettes/particle_swipe/ParticleSwipe.Android/ParticleSwipe.Android.csproj">
    <Deploy />
  </Project>
  <Project Path="vignettes/particle_swipe/ParticleSwipe.iOS/ParticleSwipe.iOS.csproj">
    <Deploy />
  </Project>
  <Project Path="vignettes/plant_forms/PlantForms/PlantForms.csproj" />
  <Project Path="vignettes/plant_forms/PlantForms.Desktop/PlantForms.Desktop.csproj" />
  <Project Path="vignettes/plant_forms/PlantForms.Android/PlantForms.Android.csproj">
    <Deploy />
  </Project>
  <Project Path="vignettes/plant_forms/PlantForms.iOS/PlantForms.iOS.csproj">
    <Deploy />
  </Project>
  <Project Path="vignettes/product_detail_zoom/ProductDetailZoom/ProductDetailZoom.csproj" />
  <Project Path="vignettes/product_detail_zoom/ProductDetailZoom.Desktop/ProductDetailZoom.Desktop.csproj" />
  <Project Path="vignettes/product_detail_zoom/ProductDetailZoom.Android/ProductDetailZoom.Android.csproj">
    <Deploy />
  </Project>
  <Project Path="vignettes/product_detail_zoom/ProductDetailZoom.iOS/ProductDetailZoom.iOS.csproj">
    <Deploy />
  </Project>
  <Project Path="vignettes/sparkle_party/SparkleParty/SparkleParty.csproj" />
  <Project Path="vignettes/sparkle_party/SparkleParty.Desktop/SparkleParty.Desktop.csproj" />
  <Project Path="vignettes/sparkle_party/SparkleParty.Android/SparkleParty.Android.csproj">
    <Deploy />
  </Project>
  <Project Path="vignettes/sparkle_party/SparkleParty.iOS/SparkleParty.iOS.csproj">
    <Deploy />
  </Project>
  <Project Path="vignettes/spending_tracker/SpendingTracker/SpendingTracker.csproj" />
  <Project Path="vignettes/spending_tracker/SpendingTracker.Desktop/SpendingTracker.Desktop.csproj" />
  <Project Path="vignettes/spending_tracker/SpendingTracker.Android/SpendingTracker.Android.csproj">
    <Deploy />
  </Project>
  <Project Path="vignettes/spending_tracker/SpendingTracker.iOS/SpendingTracker.iOS.csproj">
    <Deploy />
  </Project>
  <Project Path="vignettes/ticket_fold/TicketFold/TicketFold.csproj" />
  <Project Path="vignettes/ticket_fold/TicketFold.Desktop/TicketFold.Desktop.csproj" />
  <Project Path="vignettes/ticket_fold/TicketFold.Android/TicketFold.Android.csproj">
    <Deploy />
  </Project>
  <Project Path="vignettes/ticket_fold/TicketFold.iOS/TicketFold.iOS.csproj">
    <Deploy />
  </Project>
</Solution>
